lockfileVersion: '9.0'

settings:
  autoInstallPeers: true
  excludeLinksFromLockfile: false

importers:

  .:
    devDependencies:
      '@biomejs/biome':
        specifier: 2.3.0
        version: 2.3.0
      husky:
        specifier: ^9.1.7
        version: 9.1.7
      ultracite:
        specifier: 6.0.3
        version: 6.0.3(typescript@5.9.3)

packages:

  '@biomejs/biome@2.3.0':
    resolution: {integrity: sha512-shdUY5H3S3tJVUWoVWo5ua+GdPW5lRHf+b0IwZ4OC1o2zOKQECZ6l2KbU6t89FNhtd3Qx5eg5N7/UsQWGQbAFw==}
    engines: {node: '>=14.21.3'}
    hasBin: true

  '@biomejs/cli-darwin-arm64@2.3.0':
    resolution: {integrity: sha512-3cJVT0Z5pbTkoBmbjmDZTDFYxIkRcrs9sYVJbIBHU8E6qQxgXAaBfSVjjCreG56rfDuQBr43GzwzmaHPcu4vlw==}
    engines: {node: '>=14.21.3'}
    cpu: [arm64]
    os: [darwin]

  '@biomejs/cli-darwin-x64@2.3.0':
    resolution: {integrity: sha512-6LIkhglh3UGjuDqJXsK42qCA0XkD1Ke4K/raFOii7QQPbM8Pia7Qj2Hji4XuF2/R78hRmEx7uKJH3t/Y9UahtQ==}
    engines: {node: '>=14.21.3'}
    cpu: [x64]
    os: [darwin]

  '@biomejs/cli-linux-arm64-musl@2.3.0':
    resolution: {integrity: sha512-nDksoFdwZ2YrE7NiYDhtMhL2UgFn8Kb7Y0bYvnTAakHnqEdb4lKindtBc1f+xg2Snz0JQhJUYO7r9CDBosRU5w==}
    engines: {node: '>=14.21.3'}
    cpu: [arm64]
    os: [linux]

  '@biomejs/cli-linux-arm64@2.3.0':
    resolution: {integrity: sha512-uhAsbXySX7xsXahegDg5h3CDgfMcRsJvWLFPG0pjkylgBb9lErbK2C0UINW52zhwg0cPISB09lxHPxCau4e2xA==}
    engines: {node: '>=14.21.3'}
    cpu: [arm64]
    os: [linux]

  '@biomejs/cli-linux-x64-musl@2.3.0':
    resolution: {integrity: sha512-+i9UcJwl99uAhtRQDz9jUAh+Xkb097eekxs/D9j4deWDg5/yB/jPWzISe1nBHvlzTXsdUSj0VvB4Go2DSpKIMw==}
    engines: {node: '>=14.21.3'}
    cpu: [x64]
    os: [linux]

  '@biomejs/cli-linux-x64@2.3.0':
    resolution: {integrity: sha512-uxa8reA2s1VgoH8MhbGlCmMOt3JuSE1vJBifkh1ulaPiuk0SPx8cCdpnm9NWnTe2x/LfWInWx4sZ7muaXTPGGw==}
    engines: {node: '>=14.21.3'}
    cpu: [x64]
    os: [linux]

  '@biomejs/cli-win32-arm64@2.3.0':
    resolution: {integrity: sha512-ynjmsJLIKrAjC3CCnKMMhzcnNy8dbQWjKfSU5YA0mIruTxBNMbkAJp+Pr2iV7/hFou+66ZSD/WV8hmLEmhUaXA==}
    engines: {node: '>=14.21.3'}
    cpu: [arm64]
    os: [win32]

  '@biomejs/cli-win32-x64@2.3.0':
    resolution: {integrity: sha512-zOCYmCRVkWXc9v8P7OLbLlGGMxQTKMvi+5IC4v7O8DkjLCOHRzRVK/Lno2pGZNo0lzKM60pcQOhH8HVkXMQdFg==}
    engines: {node: '>=14.21.3'}
    cpu: [x64]
    os: [win32]

  '@clack/core@0.5.0':
    resolution: {integrity: sha512-p3y0FIOwaYRUPRcMO7+dlmLh8PSRcrjuTndsiA0WAFbWES0mLZlrjVoBRZ9DzkPFJZG6KGkJmoEAY0ZcVWTkow==}

  '@clack/prompts@0.11.0':
    resolution: {integrity: sha512-pMN5FcrEw9hUkZA4f+zLlzivQSeQf5dRGJjSUbvVYDLvpKCdQx5OaknvKzgbtXOizhP+SJJJjqEbOe55uKKfAw==}

  '@trpc/server@11.7.0':
    resolution: {integrity: sha512-BPpr3roKWpZnS92fWCg29e6hEwn1kzH8m65yXRkJfFqemgwckiyJ15NgR8zTe7RcMAeBEPpvqyAfL71rwaSJJw==}
    peerDependencies:
      typescript: '>=5.7.2'

  citty@0.1.6:
    resolution: {integrity: sha512-tskPPKEs8D2KPafUypv2gxwJP8h/OaJmC82QQGGDQcHvXX43xF2VDACcJVmZ0EuSxkpO9Kc4MlrA3q0+FG58AQ==}

  commander@14.0.2:
    resolution: {integrity: sha512-TywoWNNRbhoD0BXs1P3ZEScW8W5iKrnbithIl0YH+uCmBd0QpPOA8yc82DS3BIE5Ma6FnBVUsJ7wVUDz4dvOWQ==}
    engines: {node: '>=20'}

  confbox@0.2.2:
    resolution: {integrity: sha512-1NB+BKqhtNipMsov4xI/NnhCKp9XG9NamYp5PVm9klAT0fsrNPjaFICsCFhNhwZJKNh7zB/3q8qXz0E9oaMNtQ==}

  consola@3.4.2:
    resolution: {integrity: sha512-5IKcdX0nnYavi6G7TtOhwkYzyjfJlatbjMjuLSfE2kYT5pMDOilZ4OvMhi637CcDICTmz3wARPoyhqyX1Y+XvA==}
    engines: {node: ^14.18.0 || >=16.10.0}

  deepmerge@4.3.1:
    resolution: {integrity: sha512-3sUqbMEc77XqpdNO7FRyRog+eW3ph+GYCbj+rK+uYyRMuwsVy0rMiVtPn+QJlKFvWP/1PYpapqYn0Me2knFn+A==}
    engines: {node: '>=0.10.0'}

  exsolve@1.0.7:
    resolution: {integrity: sha512-VO5fQUzZtI6C+vx4w/4BWJpg3s/5l+6pRQEHzFRM8WFi4XffSP1Z+4qi7GbjWbvRQEbdIco5mIMq+zX4rPuLrw==}

  husky@9.1.7:
    resolution: {integrity: sha512-5gs5ytaNjBrh5Ow3zrvdUUY+0VxIuWVL4i9irt6friV+BqdCfmV11CQTWMiBYWHbXhco+J1kHfTOUkePhCDvMA==}
    engines: {node: '>=18'}
    hasBin: true

  jsonc-parser@3.3.1:
    resolution: {integrity: sha512-HUgH65KyejrUFPvHFPbqOY0rsFip3Bo5wb4ngvdi1EpCYWUQDC5V+Y7mZws+DLkr4M//zQJoanu1SP+87Dv1oQ==}

  nypm@0.6.2:
    resolution: {integrity: sha512-7eM+hpOtrKrBDCh7Ypu2lJ9Z7PNZBdi/8AT3AX8xoCj43BBVHD0hPSTEvMtkMpfs8FCqBGhxB+uToIQimA111g==}
    engines: {node: ^14.16.0 || >=16.10.0}
    hasBin: true

  pathe@2.0.3:
    resolution: {integrity: sha512-WUjGcAqP1gQacoQe+OBJsFA7Ld4DyXuUIjZ5cc75cLHvJ7dtNsTugphxIADwspS+AraAUePCKrSVtPLFj/F88w==}

  picocolors@1.1.1:
    resolution: {integrity: sha512-xceH2snhtb5M9liqDsmEw56le376mTZkEX/jEb/RxNFyegNul7eNslCXP9FDj/Lcu0X8KEyMceP2ntpaHrDEVA==}

  pkg-types@2.3.0:
    resolution: {integrity: sha512-SIqCzDRg0s9npO5XQ3tNZioRY1uK06lA41ynBC1YmFTmnY6FjUjVt6s4LoADmwoig1qqD0oK8h1p/8mlMx8Oig==}

  sisteransi@1.0.5:
    resolution: {integrity: sha512-bLGGlR1QxBcynn2d5YmDX4MGjlZvy2MRBDRNHLJ8VI6l6+9FUiyTFNJ0IveOSP0bcXgVDPRcfGqA0pjaqUpfVg==}

  tinyexec@1.0.1:
    resolution: {integrity: sha512-5uC6DDlmeqiOwCPmK9jMSdOuZTh8bU39Ys6yidB+UTt5hfZUPGAypSgFRiEp+jbi9qH40BLDvy85jIU88wKSqw==}

  trpc-cli@0.12.0:
    resolution: {integrity: sha512-MRzoqm2rPbUsSpVWiMdmHsXJJezAsq8kDJlO9d/uOX17tImxiBjA0aU52RthVHrftn++wFOE1uqBSCVs+88e6w==}
    engines: {node: '>=18'}
    hasBin: true
    peerDependencies:
      '@orpc/server': ^1.0.0
      '@trpc/server': ^10.45.2 || ^11.0.1
      '@valibot/to-json-schema': ^1.1.0
      effect: ^3.14.2 || ^4.0.0
      valibot: ^1.1.0
      zod: ^3.24.0 || ^4.0.0
    peerDependenciesMeta:
      '@orpc/server':
        optional: true
      '@trpc/server':
        optional: true
      '@valibot/to-json-schema':
        optional: true
      effect:
        optional: true
      valibot:
        optional: true
      zod:
        optional: true

  typescript@5.9.3:
    resolution: {integrity: sha512-jl1vZzPDinLr9eUt3J/t7V6FgNEw9QjvBPdysz9KfQDD41fQrC2Y4vKQdiaUpFT4bXlb1RHhLpp8wtm6M5TgSw==}
    engines: {node: '>=14.17'}
    hasBin: true

  ultracite@6.0.3:
    resolution: {integrity: sha512-8NiA2HN7EHIteIUAt6mhME8hd1DcAmcpNuR2N2fJqU700FiswhT7oeuca1M3jrPwyJUG3hPWYi/t6aUM3wbb8w==}
    hasBin: true

  zod@4.1.12:
    resolution: {integrity: sha512-JInaHOamG8pt5+Ey8kGmdcAcg3OL9reK8ltczgHTAwNhMys/6ThXHityHxVV2p3fkw/c+MAvBHFVYHFZDmjMCQ==}

snapshots:

  '@biomejs/biome@2.3.0':
    optionalDependencies:
      '@biomejs/cli-darwin-arm64': 2.3.0
      '@biomejs/cli-darwin-x64': 2.3.0
      '@biomejs/cli-linux-arm64': 2.3.0
      '@biomejs/cli-linux-arm64-musl': 2.3.0
      '@biomejs/cli-linux-x64': 2.3.0
      '@biomejs/cli-linux-x64-musl': 2.3.0
      '@biomejs/cli-win32-arm64': 2.3.0
      '@biomejs/cli-win32-x64': 2.3.0

  '@biomejs/cli-darwin-arm64@2.3.0':
    optional: true

  '@biomejs/cli-darwin-x64@2.3.0':
    optional: true

  '@biomejs/cli-linux-arm64-musl@2.3.0':
    optional: true

  '@biomejs/cli-linux-arm64@2.3.0':
    optional: true

  '@biomejs/cli-linux-x64-musl@2.3.0':
    optional: true

  '@biomejs/cli-linux-x64@2.3.0':
    optional: true

  '@biomejs/cli-win32-arm64@2.3.0':
    optional: true

  '@biomejs/cli-win32-x64@2.3.0':
    optional: true

  '@clack/core@0.5.0':
    dependencies:
      picocolors: 1.1.1
      sisteransi: 1.0.5

  '@clack/prompts@0.11.0':
    dependencies:
      '@clack/core': 0.5.0
      picocolors: 1.1.1
      sisteransi: 1.0.5

  '@trpc/server@11.7.0(typescript@5.9.3)':
    dependencies:
      typescript: 5.9.3

  citty@0.1.6:
    dependencies:
      consola: 3.4.2

  commander@14.0.2: {}

  confbox@0.2.2: {}

  consola@3.4.2: {}

  deepmerge@4.3.1: {}

  exsolve@1.0.7: {}

  husky@9.1.7: {}

  jsonc-parser@3.3.1: {}

  nypm@0.6.2:
    dependencies:
      citty: 0.1.6
      consola: 3.4.2
      pathe: 2.0.3
      pkg-types: 2.3.0
      tinyexec: 1.0.1

  pathe@2.0.3: {}

  picocolors@1.1.1: {}

  pkg-types@2.3.0:
    dependencies:
      confbox: 0.2.2
      exsolve: 1.0.7
      pathe: 2.0.3

  sisteransi@1.0.5: {}

  tinyexec@1.0.1: {}

  trpc-cli@0.12.0(@trpc/server@11.7.0(typescript@5.9.3))(zod@4.1.12):
    dependencies:
      commander: 14.0.2
    optionalDependencies:
      '@trpc/server': 11.7.0(typescript@5.9.3)
      zod: 4.1.12

  typescript@5.9.3: {}

  ultracite@6.0.3(typescript@5.9.3):
    dependencies:
      '@clack/prompts': 0.11.0
      '@trpc/server': 11.7.0(typescript@5.9.3)
      deepmerge: 4.3.1
      jsonc-parser: 3.3.1
      nypm: 0.6.2
      trpc-cli: 0.12.0(@trpc/server@11.7.0(typescript@5.9.3))(zod@4.1.12)
      zod: 4.1.12
    transitivePeerDependencies:
      - '@orpc/server'
      - '@valibot/to-json-schema'
      - effect
      - typescript
      - valibot

  zod@4.1.12: {}
